{
  "name": "consoleapplication",
  "version": "1.0.0",
  "lockfileVersion": 2,
  "requires": true,
  "packages": {
    "": {
      "name": "consoleapplication",
      "version": "1.0.0",
      "license": "MIT",
      "dependencies": {
        "configcat-node": "^8.0.0"
      }
    },
    "node_modules/configcat-common": {
      "version": "6.0.0",
      "resolved": "https://registry.npmjs.org/configcat-common/-/configcat-common-6.0.0.tgz",
      "integrity": "sha512-C/lCeTKiFk9kPElRF3f4zIkvVCLKgPJuzrKbIMHCru89mvfH5t4//hZ9TW8wPJOAje6xB6ZALutDiIxggwUvWA=="
    },
    "node_modules/configcat-node": {
      "version": "8.0.0",
      "resolved": "https://registry.npmjs.org/configcat-node/-/configcat-node-8.0.0.tgz",
      "integrity": "sha512-4n4yLMpXWEiB4vmj0HuV3ArgImOEHgT+ZhP+y6N6zdwP1Z4KhQHA3btbDtZbqNw1meaVzhQMjRnpV+k/3Zr8XQ==",
      "dependencies": {
        "configcat-common": "^6.0.0",
        "tunnel": "0.0.6"
      }
    },
    "node_modules/tunnel": {
      "version": "0.0.6",
      "resolved": "https://registry.npmjs.org/tunnel/-/tunnel-0.0.6.tgz",
      "integrity": "sha512-1h/Lnq9yajKY2PEbBadPXj3VxsDDu844OnaAo52UVmIzIvwwtBPIuNvkjuzBlTWpfJyUbG3ez0KSBibQkj4ojg==",
      "engines": {
        "node": ">=0.6.11 <=0.7.0 || >=0.7.3"
      }
    }
  },
  "dependencies": {
    "configcat-common": {
      "version": "6.0.0",
      "resolved": "https://registry.npmjs.org/configcat-common/-/configcat-common-6.0.0.tgz",
      "integrity": "sha512-C/lCeTKiFk9kPElRF3f4zIkvVCLKgPJuzrKbIMHCru89mvfH5t4//hZ9TW8wPJOAje6xB6ZALutDiIxggwUvWA=="
    },
    "configcat-node": {
      "version": "8.0.0",
      "resolved": "https://registry.npmjs.org/configcat-node/-/configcat-node-8.0.0.tgz",
      "integrity": "sha512-4n4yLMpXWEiB4vmj0HuV3ArgImOEHgT+ZhP+y6N6zdwP1Z4KhQHA3btbDtZbqNw1meaVzhQMjRnpV+k/3Zr8XQ==",
      "requires": {
        "configcat-common": "^6.0.0",
        "tunnel": "0.0.6"
      }
    },
    "tunnel": {
      "version": "0.0.6",
      "resolved": "https://registry.npmjs.org/tunnel/-/tunnel-0.0.6.tgz",
      "integrity": "sha512-1h/Lnq9yajKY2PEbBadPXj3VxsDDu844OnaAo52UVmIzIvwwtBPIuNvkjuzBlTWpfJyUbG3ez0KSBibQkj4ojg=="
    }
  }
}
