{
  "name": "consoleapplication",
  "version": "1.0.0",
  "lockfileVersion": 2,
  "requires": true,
  "packages": {
    "": {
      "name": "consoleapplication",
      "version": "1.0.0",
      "license": "MIT",
      "dependencies": {
        "configcat-node": "^8.0.1"
      }
    },
    "node_modules/configcat-common": {
      "version": "6.0.1",
      "resolved": "https://registry.npmjs.org/configcat-common/-/configcat-common-6.0.1.tgz",
      "integrity": "sha512-WrRT1+C/AXbRhMspjz5r/2MYawqOYJB+92vbSCaWHB9qmXHDaS6fhmGSo5mtrFCV/RBF/uiJXlUSRzz6lnDxfg=="
    },
    "node_modules/configcat-node": {
      "version": "8.0.1",
      "resolved": "https://registry.npmjs.org/configcat-node/-/configcat-node-8.0.1.tgz",
      "integrity": "sha512-cil2PjnUhfH1nGxmcF0OSuV6h49wBJLriW4cmXwkiMlN35qYz8ELoGpYsHxw8kzgiryz2l35XO1rZAVmaSj8MA==",
      "dependencies": {
        "configcat-common": "^6.0.1",
        "tunnel": "0.0.6"
      }
    },
    "node_modules/tunnel": {
      "version": "0.0.6",
      "resolved": "https://registry.npmjs.org/tunnel/-/tunnel-0.0.6.tgz",
      "integrity": "sha512-1h/Lnq9yajKY2PEbBadPXj3VxsDDu844OnaAo52UVmIzIvwwtBPIuNvkjuzBlTWpfJyUbG3ez0KSBibQkj4ojg==",
      "engines": {
        "node": ">=0.6.11 <=0.7.0 || >=0.7.3"
      }
    }
  },
  "dependencies": {
    "configcat-common": {
      "version": "6.0.1",
      "resolved": "https://registry.npmjs.org/configcat-common/-/configcat-common-6.0.1.tgz",
      "integrity": "sha512-WrRT1+C/AXbRhMspjz5r/2MYawqOYJB+92vbSCaWHB9qmXHDaS6fhmGSo5mtrFCV/RBF/uiJXlUSRzz6lnDxfg=="
    },
    "configcat-node": {
      "version": "8.0.1",
      "resolved": "https://registry.npmjs.org/configcat-node/-/configcat-node-8.0.1.tgz",
      "integrity": "sha512-cil2PjnUhfH1nGxmcF0OSuV6h49wBJLriW4cmXwkiMlN35qYz8ELoGpYsHxw8kzgiryz2l35XO1rZAVmaSj8MA==",
      "requires": {
        "configcat-common": "^6.0.1",
        "tunnel": "0.0.6"
      }
    },
    "tunnel": {
      "version": "0.0.6",
      "resolved": "https://registry.npmjs.org/tunnel/-/tunnel-0.0.6.tgz",
      "integrity": "sha512-1h/Lnq9yajKY2PEbBadPXj3VxsDDu844OnaAo52UVmIzIvwwtBPIuNvkjuzBlTWpfJyUbG3ez0KSBibQkj4ojg=="
    }
  }
}
