{
  "name": "consoleapplication",
  "version": "1.0.0",
  "lockfileVersion": 2,
  "requires": true,
  "packages": {
    "": {
      "name": "consoleapplication",
      "version": "1.0.0",
      "license": "MIT",
      "dependencies": {
        "configcat-node": "^9.0.0"
      }
    },
    "node_modules/configcat-common": {
      "version": "7.0.1",
      "resolved": "https://registry.npmjs.org/configcat-common/-/configcat-common-7.0.1.tgz",
      "integrity": "sha512-9SxX4/6NzK1l+2iDWLyr/0tsli/eKzSJhBIepptF+GPy/7CprnA0coQz8fF8Gx1IF3wBZsJg0vRaC3LtNa0vRg==",
      "dependencies": {
        "tslib": "^2.4.1"
      }
    },
    "node_modules/configcat-node": {
      "version": "9.0.0",
      "resolved": "https://registry.npmjs.org/configcat-node/-/configcat-node-9.0.0.tgz",
      "integrity": "sha512-PQOQ+KiaYAMRWB30rXz2VHyMKUdbyHFXNT3xWeclrxTkaC44N/JHYHEeNALSfhVCYBfYpGsGnP3LmE2UAxDIOg==",
      "dependencies": {
        "configcat-common": "^7.0.1",
        "tslib": "^2.4.1",
        "tunnel": "0.0.6"
      }
    },
    "node_modules/tslib": {
      "version": "2.4.1",
      "resolved": "https://registry.npmjs.org/tslib/-/tslib-2.4.1.tgz",
      "integrity": "sha512-tGyy4dAjRIEwI7BzsB0lynWgOpfqjUdq91XXAlIWD2OwKBH7oCl/GZG/HT4BOHrTlPMOASlMQ7veyTqpmRcrNA=="
    },
    "node_modules/tunnel": {
      "version": "0.0.6",
      "resolved": "https://registry.npmjs.org/tunnel/-/tunnel-0.0.6.tgz",
      "integrity": "sha512-1h/Lnq9yajKY2PEbBadPXj3VxsDDu844OnaAo52UVmIzIvwwtBPIuNvkjuzBlTWpfJyUbG3ez0KSBibQkj4ojg==",
      "engines": {
        "node": ">=0.6.11 <=0.7.0 || >=0.7.3"
      }
    }
  },
  "dependencies": {
    "configcat-common": {
      "version": "7.0.1",
      "resolved": "https://registry.npmjs.org/configcat-common/-/configcat-common-7.0.1.tgz",
      "integrity": "sha512-9SxX4/6NzK1l+2iDWLyr/0tsli/eKzSJhBIepptF+GPy/7CprnA0coQz8fF8Gx1IF3wBZsJg0vRaC3LtNa0vRg==",
      "requires": {
        "tslib": "^2.4.1"
      }
    },
    "configcat-node": {
      "version": "9.0.0",
      "resolved": "https://registry.npmjs.org/configcat-node/-/configcat-node-9.0.0.tgz",
      "integrity": "sha512-PQOQ+KiaYAMRWB30rXz2VHyMKUdbyHFXNT3xWeclrxTkaC44N/JHYHEeNALSfhVCYBfYpGsGnP3LmE2UAxDIOg==",
      "requires": {
        "configcat-common": "^7.0.1",
        "tslib": "^2.4.1",
        "tunnel": "0.0.6"
      }
    },
    "tslib": {
      "version": "2.4.1",
      "resolved": "https://registry.npmjs.org/tslib/-/tslib-2.4.1.tgz",
      "integrity": "sha512-tGyy4dAjRIEwI7BzsB0lynWgOpfqjUdq91XXAlIWD2OwKBH7oCl/GZG/HT4BOHrTlPMOASlMQ7veyTqpmRcrNA=="
    },
    "tunnel": {
      "version": "0.0.6",
      "resolved": "https://registry.npmjs.org/tunnel/-/tunnel-0.0.6.tgz",
      "integrity": "sha512-1h/Lnq9yajKY2PEbBadPXj3VxsDDu844OnaAo52UVmIzIvwwtBPIuNvkjuzBlTWpfJyUbG3ez0KSBibQkj4ojg=="
    }
  }
}
