{
  "name": "consoleapplication",
  "version": "1.0.0",
  "lockfileVersion": 2,
  "requires": true,
  "packages": {
    "": {
      "name": "consoleapplication",
      "version": "1.0.0",
      "license": "MIT",
      "dependencies": {
        "configcat-node": "^10.0.0"
      }
    },
    "node_modules/configcat-common": {
      "version": "8.0.0",
      "resolved": "https://registry.npmjs.org/configcat-common/-/configcat-common-8.0.0.tgz",
      "integrity": "sha512-wdlywj5TRj+Nyl2Ecm8E7ALvkcQRG+QSBfTw7pT2M03DK+xfjgiZT4Ostc1wskNEMdY1vJlG1f9jup0l1FfElw==",
      "dependencies": {
        "tslib": "^2.4.1"
      }
    },
    "node_modules/configcat-node": {
      "version": "10.0.0",
      "resolved": "https://registry.npmjs.org/configcat-node/-/configcat-node-10.0.0.tgz",
      "integrity": "sha512-l+Cig0dPB1YqP9rjGwuLRIVbXkxq1FJBDN73avRZNCyXhFM6+t84NmC3mnZV0SrR7bRwzsF3/WfV8yFn3gEAbg==",
      "dependencies": {
        "configcat-common": "^8.0.0",
        "tslib": "^2.4.1",
        "tunnel": "0.0.6"
      },
      "engines": {
        "node": ">=14"
      }
    },
    "node_modules/tslib": {
      "version": "2.5.3",
      "resolved": "https://registry.npmjs.org/tslib/-/tslib-2.5.3.tgz",
      "integrity": "sha512-mSxlJJwl3BMEQCUNnxXBU9jP4JBktcEGhURcPR6VQVlnP0FdDEsIaz0C35dXNGLyRfrATNofF0F5p2KPxQgB+w=="
    },
    "node_modules/tunnel": {
      "version": "0.0.6",
      "resolved": "https://registry.npmjs.org/tunnel/-/tunnel-0.0.6.tgz",
      "integrity": "sha512-1h/Lnq9yajKY2PEbBadPXj3VxsDDu844OnaAo52UVmIzIvwwtBPIuNvkjuzBlTWpfJyUbG3ez0KSBibQkj4ojg==",
      "engines": {
        "node": ">=0.6.11 <=0.7.0 || >=0.7.3"
      }
    }
  },
  "dependencies": {
    "configcat-common": {
      "version": "8.0.0",
      "resolved": "https://registry.npmjs.org/configcat-common/-/configcat-common-8.0.0.tgz",
      "integrity": "sha512-wdlywj5TRj+Nyl2Ecm8E7ALvkcQRG+QSBfTw7pT2M03DK+xfjgiZT4Ostc1wskNEMdY1vJlG1f9jup0l1FfElw==",
      "requires": {
        "tslib": "^2.4.1"
      }
    },
    "configcat-node": {
      "version": "10.0.0",
      "resolved": "https://registry.npmjs.org/configcat-node/-/configcat-node-10.0.0.tgz",
      "integrity": "sha512-l+Cig0dPB1YqP9rjGwuLRIVbXkxq1FJBDN73avRZNCyXhFM6+t84NmC3mnZV0SrR7bRwzsF3/WfV8yFn3gEAbg==",
      "requires": {
        "configcat-common": "^8.0.0",
        "tslib": "^2.4.1",
        "tunnel": "0.0.6"
      }
    },
    "tslib": {
      "version": "2.5.3",
      "resolved": "https://registry.npmjs.org/tslib/-/tslib-2.5.3.tgz",
      "integrity": "sha512-mSxlJJwl3BMEQCUNnxXBU9jP4JBktcEGhURcPR6VQVlnP0FdDEsIaz0C35dXNGLyRfrATNofF0F5p2KPxQgB+w=="
    },
    "tunnel": {
      "version": "0.0.6",
      "resolved": "https://registry.npmjs.org/tunnel/-/tunnel-0.0.6.tgz",
      "integrity": "sha512-1h/Lnq9yajKY2PEbBadPXj3VxsDDu844OnaAo52UVmIzIvwwtBPIuNvkjuzBlTWpfJyUbG3ez0KSBibQkj4ojg=="
    }
  }
}
