{
  "name": "consoleapplication",
  "version": "1.0.0",
  "lockfileVersion": 2,
  "requires": true,
  "packages": {
    "": {
      "name": "consoleapplication",
      "version": "1.0.0",
      "license": "MIT",
      "dependencies": {
        "configcat-node": "^10.1.0"
      }
    },
    "node_modules/configcat-common": {
      "version": "8.1.0",
      "resolved": "https://registry.npmjs.org/configcat-common/-/configcat-common-8.1.0.tgz",
      "integrity": "sha512-UbUZEI6W8w8fAfU4fv8OYhM1Dy3Y5TIt3RU/a39wbpj/lPE//E3FO/+62bt0g3pOFNXL34RHG/+TVduF6LkTmg==",
      "dependencies": {
        "tslib": "^2.4.1"
      }
    },
    "node_modules/configcat-node": {
      "version": "10.1.0",
      "resolved": "https://registry.npmjs.org/configcat-node/-/configcat-node-10.1.0.tgz",
      "integrity": "sha512-gzvWBI0mr+W6SLE9jZjv/7PryW70j7zxMBtLGejyAHA843L+/ILcsbHovZxPn6GVT/0+bdWHDUv7B5x2zZe9aQ==",
      "dependencies": {
        "configcat-common": "^8.1.0",
        "tslib": "^2.4.1",
        "tunnel": "0.0.6"
      },
      "engines": {
        "node": ">=14"
      }
    },
    "node_modules/tslib": {
      "version": "2.6.1",
      "resolved": "https://registry.npmjs.org/tslib/-/tslib-2.6.1.tgz",
      "integrity": "sha512-t0hLfiEKfMUoqhG+U1oid7Pva4bbDPHYfJNiB7BiIjRkj1pyC++4N3huJfqY6aRH6VTB0rvtzQwjM4K6qpfOig=="
    },
    "node_modules/tunnel": {
      "version": "0.0.6",
      "resolved": "https://registry.npmjs.org/tunnel/-/tunnel-0.0.6.tgz",
      "integrity": "sha512-1h/Lnq9yajKY2PEbBadPXj3VxsDDu844OnaAo52UVmIzIvwwtBPIuNvkjuzBlTWpfJyUbG3ez0KSBibQkj4ojg==",
      "engines": {
        "node": ">=0.6.11 <=0.7.0 || >=0.7.3"
      }
    }
  },
  "dependencies": {
    "configcat-common": {
      "version": "8.1.0",
      "resolved": "https://registry.npmjs.org/configcat-common/-/configcat-common-8.1.0.tgz",
      "integrity": "sha512-UbUZEI6W8w8fAfU4fv8OYhM1Dy3Y5TIt3RU/a39wbpj/lPE//E3FO/+62bt0g3pOFNXL34RHG/+TVduF6LkTmg==",
      "requires": {
        "tslib": "^2.4.1"
      }
    },
    "configcat-node": {
      "version": "10.1.0",
      "resolved": "https://registry.npmjs.org/configcat-node/-/configcat-node-10.1.0.tgz",
      "integrity": "sha512-gzvWBI0mr+W6SLE9jZjv/7PryW70j7zxMBtLGejyAHA843L+/ILcsbHovZxPn6GVT/0+bdWHDUv7B5x2zZe9aQ==",
      "requires": {
        "configcat-common": "^8.1.0",
        "tslib": "^2.4.1",
        "tunnel": "0.0.6"
      }
    },
    "tslib": {
      "version": "2.6.1",
      "resolved": "https://registry.npmjs.org/tslib/-/tslib-2.6.1.tgz",
      "integrity": "sha512-t0hLfiEKfMUoqhG+U1oid7Pva4bbDPHYfJNiB7BiIjRkj1pyC++4N3huJfqY6aRH6VTB0rvtzQwjM4K6qpfOig=="
    },
    "tunnel": {
      "version": "0.0.6",
      "resolved": "https://registry.npmjs.org/tunnel/-/tunnel-0.0.6.tgz",
      "integrity": "sha512-1h/Lnq9yajKY2PEbBadPXj3VxsDDu844OnaAo52UVmIzIvwwtBPIuNvkjuzBlTWpfJyUbG3ez0KSBibQkj4ojg=="
    }
  }
}
